
Microsoft Visual Studio Solution File, Format Version 12.00
# Visual Studio Version 16
VisualStudioVersion = 16.0.29519.181
MinimumVisualStudioVersion = 10.0.40219.1
Project("{FAE04EC0-301F-11D3-BF4B-00C04F79EFBC}") = "Animals.Lib", "Animals.Lib\Animals.Lib.csproj", "{70AA7C2B-B13A-4135-B726-9C2E37684350}"
EndProject
Project("{FAE04EC0-301F-11D3-BF4B-00C04F79EFBC}") = "Animals.Lib2", "Animals.Lib2\Animals.Lib2.csproj", "{66D09407-7938-412E-B950-09F13FE12BB9}"
EndProject
Global
	GlobalSection(SolutionConfigurationPlatforms) = preSolution
		Debug|Any CPU = Debug|Any CPU
		Release|Any CPU = Release|Any CPU
	EndGlobalSection
	GlobalSection(ProjectConfigurationPlatforms) = postSolution
		{70AA7C2B-B13A-4135-B726-9C2E37684350}.Debug|Any CPU.ActiveCfg = Debug|Any CPU
		{70AA7C2B-B13A-4135-B726-9C2E37684350}.Debug|Any CPU.Build.0 = Debug|Any CPU
		{70AA7C2B-B13A-4135-B726-9C2E37684350}.Release|Any CPU.ActiveCfg = Release|Any CPU
		{70AA7C2B-B13A-4135-B726-9C2E37684350}.Release|Any CPU.Build.0 = Release|Any CPU
		{66D09407-7938-412E-B950-09F13FE12BB9}.Debug|Any CPU.ActiveCfg = Debug|Any CPU
		{66D09407-7938-412E-B950-09F13FE12BB9}.Debug|Any CPU.Build.0 = Debug|Any CPU
		{66D09407-7938-412E-B950-09F13FE12BB9}.Release|Any CPU.ActiveCfg = Release|Any CPU
		{66D09407-7938-412E-B950-09F13FE12BB9}.Release|Any CPU.Build.0 = Release|Any CPU
	EndGlobalSection
	GlobalSection(SolutionProperties) = preSolution
		HideSolutionNode = FALSE
	EndGlobalSection
	GlobalSection(ExtensibilityGlobals) = postSolution
		SolutionGuid = {A557D17C-D9B8-4C84-B29D-089B1C6E5CA9}
	EndGlobalSection
EndGlobal
