
Microsoft Visual Studio Solution File, Format Version 12.00
# Visual Studio Version 16
VisualStudioVersion = 16.0.29519.181
MinimumVisualStudioVersion = 10.0.40219.1
Project("{FAE04EC0-301F-11D3-BF4B-00C04F79EFBC}") = "CreateOperator", "CreateOperator\CreateOperator.csproj", "{2F8899D4-6D99-453B-92D9-EFD7AFED396D}"
EndProject
Global
	GlobalSection(SolutionConfigurationPlatforms) = preSolution
		Debug|Any CPU = Debug|Any CPU
		Release|Any CPU = Release|Any CPU
	EndGlobalSection
	GlobalSection(ProjectConfigurationPlatforms) = postSolution
		{2F8899D4-6D99-453B-92D9-EFD7AFED396D}.Debug|Any CPU.ActiveCfg = Debug|Any CPU
		{2F8899D4-6D99-453B-92D9-EFD7AFED396D}.Debug|Any CPU.Build.0 = Debug|Any CPU
		{2F8899D4-6D99-453B-92D9-EFD7AFED396D}.Release|Any CPU.ActiveCfg = Release|Any CPU
		{2F8899D4-6D99-453B-92D9-EFD7AFED396D}.Release|Any CPU.Build.0 = Release|Any CPU
	EndGlobalSection
	GlobalSection(SolutionProperties) = preSolution
		HideSolutionNode = FALSE
	EndGlobalSection
	GlobalSection(ExtensibilityGlobals) = postSolution
		SolutionGuid = {BC25E4C0-16FA-427A-8167-5C179A96B839}
	EndGlobalSection
EndGlobal
