
Microsoft Visual Studio Solution File, Format Version 12.00
# Visual Studio Version 16
VisualStudioVersion = 16.0.29519.181
MinimumVisualStudioVersion = 10.0.40219.1
Project("{FAE04EC0-301F-11D3-BF4B-00C04F79EFBC}") = "HelloTree", "HelloTree\HelloTree.csproj", "{6C3D1D54-4638-40C1-AD8C-B739BED5402A}"
EndProject
Global
	GlobalSection(SolutionConfigurationPlatforms) = preSolution
		Debug|Any CPU = Debug|Any CPU
		Release|Any CPU = Release|Any CPU
	EndGlobalSection
	GlobalSection(ProjectConfigurationPlatforms) = postSolution
		{6C3D1D54-4638-40C1-AD8C-B739BED5402A}.Debug|Any CPU.ActiveCfg = Debug|Any CPU
		{6C3D1D54-4638-40C1-AD8C-B739BED5402A}.Debug|Any CPU.Build.0 = Debug|Any CPU
		{6C3D1D54-4638-40C1-AD8C-B739BED5402A}.Release|Any CPU.ActiveCfg = Release|Any CPU
		{6C3D1D54-4638-40C1-AD8C-B739BED5402A}.Release|Any CPU.Build.0 = Release|Any CPU
	EndGlobalSection
	GlobalSection(SolutionProperties) = preSolution
		HideSolutionNode = FALSE
	EndGlobalSection
	GlobalSection(ExtensibilityGlobals) = postSolution
		SolutionGuid = {E2AFDDED-9663-4A04-A35C-EDEB639AC271}
	EndGlobalSection
EndGlobal
