
Microsoft Visual Studio Solution File, Format Version 12.00
# Visual Studio Version 16
VisualStudioVersion = 16.0.29519.181
MinimumVisualStudioVersion = 10.0.40219.1
Project("{FAE04EC0-301F-11D3-BF4B-00C04F79EFBC}") = "HelloClass", "HelloClass\HelloClass.csproj", "{FDBD24FC-77CA-4F99-9468-CAE2924D93D5}"
EndProject
Global
	GlobalSection(SolutionConfigurationPlatforms) = preSolution
		Debug|Any CPU = Debug|Any CPU
		Release|Any CPU = Release|Any CPU
	EndGlobalSection
	GlobalSection(ProjectConfigurationPlatforms) = postSolution
		{FDBD24FC-77CA-4F99-9468-CAE2924D93D5}.Debug|Any CPU.ActiveCfg = Debug|Any CPU
		{FDBD24FC-77CA-4F99-9468-CAE2924D93D5}.Debug|Any CPU.Build.0 = Debug|Any CPU
		{FDBD24FC-77CA-4F99-9468-CAE2924D93D5}.Release|Any CPU.ActiveCfg = Release|Any CPU
		{FDBD24FC-77CA-4F99-9468-CAE2924D93D5}.Release|Any CPU.Build.0 = Release|Any CPU
	EndGlobalSection
	GlobalSection(SolutionProperties) = preSolution
		HideSolutionNode = FALSE
	EndGlobalSection
	GlobalSection(ExtensibilityGlobals) = postSolution
		SolutionGuid = {BFCA52B6-6BF3-47EE-9487-394FE66B3D91}
	EndGlobalSection
EndGlobal
