
Microsoft Visual Studio Solution File, Format Version 12.00
# Visual Studio Version 16
VisualStudioVersion = 16.0.29519.181
MinimumVisualStudioVersion = 10.0.40219.1
Project("{FAE04EC0-301F-11D3-BF4B-00C04F79EFBC}") = "OperatorsExample", "OperatorsExample\OperatorsExample.csproj", "{78E7BEAB-7C24-4B8F-9A67-AA311E33FFE9}"
EndProject
Global
	GlobalSection(SolutionConfigurationPlatforms) = preSolution
		Debug|Any CPU = Debug|Any CPU
		Release|Any CPU = Release|Any CPU
	EndGlobalSection
	GlobalSection(ProjectConfigurationPlatforms) = postSolution
		{78E7BEAB-7C24-4B8F-9A67-AA311E33FFE9}.Debug|Any CPU.ActiveCfg = Debug|Any CPU
		{78E7BEAB-7C24-4B8F-9A67-AA311E33FFE9}.Debug|Any CPU.Build.0 = Debug|Any CPU
		{78E7BEAB-7C24-4B8F-9A67-AA311E33FFE9}.Release|Any CPU.ActiveCfg = Release|Any CPU
		{78E7BEAB-7C24-4B8F-9A67-AA311E33FFE9}.Release|Any CPU.Build.0 = Release|Any CPU
	EndGlobalSection
	GlobalSection(SolutionProperties) = preSolution
		HideSolutionNode = FALSE
	EndGlobalSection
	GlobalSection(ExtensibilityGlobals) = postSolution
		SolutionGuid = {50C37B3D-A82A-49E3-AE49-3FC25590B875}
	EndGlobalSection
EndGlobal
