
Microsoft Visual Studio Solution File, Format Version 12.00
# Visual Studio Version 16
VisualStudioVersion = 16.0.29519.181
MinimumVisualStudioVersion = 10.0.40219.1
Project("{FAE04EC0-301F-11D3-BF4B-00C04F79EFBC}") = "Combine1", "Combine1\Combine1.csproj", "{16E92DBA-1CB9-49C0-8D11-F6ECEDC4A17B}"
EndProject
Global
	GlobalSection(SolutionConfigurationPlatforms) = preSolution
		Debug|Any CPU = Debug|Any CPU
		Release|Any CPU = Release|Any CPU
	EndGlobalSection
	GlobalSection(ProjectConfigurationPlatforms) = postSolution
		{16E92DBA-1CB9-49C0-8D11-F6ECEDC4A17B}.Debug|Any CPU.ActiveCfg = Debug|Any CPU
		{16E92DBA-1CB9-49C0-8D11-F6ECEDC4A17B}.Debug|Any CPU.Build.0 = Debug|Any CPU
		{16E92DBA-1CB9-49C0-8D11-F6ECEDC4A17B}.Release|Any CPU.ActiveCfg = Release|Any CPU
		{16E92DBA-1CB9-49C0-8D11-F6ECEDC4A17B}.Release|Any CPU.Build.0 = Release|Any CPU
	EndGlobalSection
	GlobalSection(SolutionProperties) = preSolution
		HideSolutionNode = FALSE
	EndGlobalSection
	GlobalSection(ExtensibilityGlobals) = postSolution
		SolutionGuid = {7DCE215E-F9F9-4781-9D22-2A672DB05626}
	EndGlobalSection
EndGlobal
